schema_version: "audit-scope-lock/v3"
document_kind: "phase-scope-lock"
lock_id: "BLUEPRINTS-GOVERNANCE-PHASE-05-SCOPE-LOCK-20260728"
phase_id: "PHASE-05"
provenance_level: "v3-required"
created_at: "2026-07-28T17:17:01Z"
scope:
  status: "FROZEN"
  provenance_level: "v3-required"
  frozen_at: "2026-07-28T17:17:01Z"
  in_scope:
    - "REQ-005"
  out_of_scope:
    - "M9 stagnation/wake scan wiring (CONTINUATION-001, successor PLAN_SET)"
    - "work-one product code, DB schema, serve lifecycle, LLM permissions, npm dependencies"
    - "any edit to blueprints/ content (the lint is read-only)"
    - "any edit to frozen provenance records under audits/"
    - "any edit to archived files under blueprints/archive/"
    - "any edit to the v3 blueprint (blueprint-audit-governance-evidence-and-status-closure-v3.md)"
    - "header backfill + causal edges (PHASE-03 completed)"
    - "archive moves (PHASE-02 completed)"
    - "spec sync of skill/AGENTS/documents (PHASE-04 completed)"
  assumptions:
    - statement: "PHASE-04 is ACCEPTED — audits/blueprints-governance/LATEST.md points to 2026-07-28-audit-phase-04-report.json (sha256 842d7c23...) settling scope lock e8ca6ffd...; the headers + INDEX the lint reads are the standardized PHASE-03/04 output"
      disproof: "a LATEST.md not pointing at an ACCEPTED PHASE-04 report"
    - statement: "the v3 blueprint is hash-frozen (sha256 a510b7a8...) and stays untouched; the lint skips it via the INDEX exemption list for checks 1-6 and includes it only in check 8 coverage"
      disproof: "a pre-implementation sha256sum differing from the frozen value"
    - statement: "the two allowed script files (scripts/check-blueprint-status.ts and its test) are new additions with zero sha256 bindings in audits/ json/yaml and are therefore creatable"
      disproof: "an exact sha256 field binding for either path in audits/ json/yaml"
  exit_criteria:
    - "check-blueprint-status.ts exports checkBlueprintStatus(options?) returning { ok, failedChecks } and runs the 9 checks (BP §2.2.8)"
    - "all-pass fixture: lint reports zero drift on the current blueprints/ state (ok=true, failedChecks=[])"
    - "single-failure mutations: each of the 9 checks has a fixture that fails exactly that check, others pass"
    - "bun run typecheck exit 0 (script + test under root tsconfig strict)"
    - "bun test scripts/__tests__/check-blueprint-status.test.ts exit 0"
    - "git diff --quiet bun.lock unchanged (no new npm dependency)"
    - "5 fixed checks PASS at component level with retained receipts"
requirements:
  - id: "REQ-005"
    plan_item_id: "PLAN-REQ-008"
    kind: "BEHAVIORAL"
    source: "plans/blueprints-governance/formal-plan-set/99-final-verification.md#7-global-verification-and-evidence"
    behavior: "scripts/check-blueprint-status.ts validates the 9 drift checks (four-field existence, status in seven values, 已暂停 implies 暂停于 edge, edge target exists, pause chain acyclic, 更新日期 vs git log -1 with exempt skip, INDEX reverse view matches single-side edges, INDEX three sections plus exemption cover the directory file set, archived files not newly referenced by active plans/audits); it reports zero drift on the all-pass fixture and fails exactly one check per single-failure mutation; tsc --noEmit passes; bun test passes; bun.lock unchanged; the lint is pure read-only"
    required_evidence_level: "component"
    oracle_id: "ORACLE-009"
    oracle: "run the lint on the current state (exit 0, zero drift) and on single-failure mutation fixtures (each fails exactly its check); bun test + tsc exit 0; git diff bun.lock empty"
    positive_control:
      command: "cd /home/zhaoge/workspace/qoderwork/.worktrees/check-plan && bun run scripts/check-blueprint-status.ts"
      expected: "PASS"
      observed: "PASS"
      evidence: "EV-001"
    negative_control:
      applicability: "REQUIRED"
      method: "single-failure mutation fixture — build a temp blueprints/ dir whose blueprint-a.md lacks 创建日期 (four-field drift), run the lint pointing at it, expect nonzero exit (drift detected)"
      command: "cd /home/zhaoge/workspace/qoderwork/.worktrees/check-plan && d=$(mktemp -d) && mkdir -p \"$d/blueprints\" && printf '# INDEX\\n\\n## 活跃\\n\\n| 文件 | 状态 |\\n|------|------|\\n| blueprint-a.md | 已完成 |\\n\\n## 已闭环\\n\\n## 已归档\\n\\n## 反向边视图\\n\\n## 豁免清单\\n' > \"$d/blueprints/INDEX.md\" && printf '# A\\n**更新日期**: 2026-07-28\\n**状态**: 已完成\\n**相关蓝图**: 无\\n' > \"$d/blueprints/blueprint-a.md\" && bun run scripts/check-blueprint-status.ts \"$d/blueprints\"; ec=$?; rm -rf \"$d\"; exit $ec"
      expected: "FAIL"
      observed: "FAIL"
      evidence: "EV-002"
    status: "PASS"
plan_registry:
  - plan_item_id: "PLAN-REQ-008"
    disposition: "IN_SCOPE"
    requirement_id: "REQ-005"
    source: "plans/blueprints-governance/formal-plan-set/99-final-verification.md#7-global-verification-and-evidence"
repository_scope:
  allowed_paths:
    - "scripts/check-blueprint-status.ts"
    - "scripts/__tests__/check-blueprint-status.test.ts"
    - "logs/2026-07-28-blueprints-governance-phase-05-accepted.md"
  forbidden_paths:
    - "blueprints/**"
    - "work-one/"
    - "bun.lock"
    - "audits/** (frozen provenance; exception — this phase's own new records phase-05-scope-lock.*, evidence/pre-change-PHASE-05.json, evidence/verdict-state-PHASE-05.json, evidence/PHASE-05-1/*, 2026-07-28-audit-phase-05.md, 2026-07-28-audit-phase-05-report.json, LATEST.md rotation)"
approval:
  status: "APPROVED"
  actor_type: "HUMAN"
  approved_by: "HUMAN_USER"
  approved_at: "2026-07-28T17:17:01Z"
  evidence: "audits/blueprints-governance/approval-decision.json"
baseline:
  workspace_root: "/home/zhaoge/workspace/qoderwork/.worktrees/check-plan"
  workspace_head: "9698cea610eb436f4e518e0e78890d70a58dc81d"
  repository_root: "/home/zhaoge/workspace/opencode/work-one"
  repository_head: "64df828d56611ac121baccfaf666f147980aec85"
  repository_status_at_design: "CLEAN"
fixed_verification:
  - check_id: "P05-CHK-1"
    name: "all_pass_zero_drift"
    command: "bun run scripts/check-blueprint-status.ts on the current state"
    level: "component"
    pass_condition: "exit_0_zero_drift"
  - check_id: "P05-CHK-2"
    name: "single_failure_per_check"
    command: "bun test scripts/__tests__/check-blueprint-status.test.ts -t single_failure_per_check"
    level: "component"
    pass_condition: "each_of_9_mutations_fails_exactly_its_check"
  - check_id: "P05-CHK-3"
    name: "tsc_noemit_pass"
    command: "bun run typecheck"
    level: "component"
    pass_condition: "exit_0"
  - check_id: "P05-CHK-4"
    name: "bun_test_pass"
    command: "bun test scripts/__tests__/check-blueprint-status.test.ts"
    level: "component"
    pass_condition: "exit_0"
  - check_id: "P05-CHK-5"
    name: "no_new_dependency"
    command: "git diff --quiet bun.lock"
    level: "component"
    pass_condition: "unchanged"
prohibited_effects:
  - "blueprints_content_edit"
  - "v3_blueprint_edit"
  - "archived_file_edit"
  - "frozen_provenance_record_edit"
  - "work_one_product_change"
  - "npm_dependency_add"
  - "business_state_mutation"
  - "m9_scan_wiring"
  - "verdict_contradicting_latest_change"
failure_convergence:
  undetected_drift_on_all_pass: "BLOCKED"
  multi_check_failure_on_single_mutation: "BLOCKED"
  tsc_or_bun_test_failure: "BLOCKED"
  bun_lock_change: "BLOCKED"
  scope_drift: "BLOCKED"
plan_sources:
  - path: "plans/blueprints-governance/canonical-requirements-contract.yaml"
    sha256: "39235a4290e0af52a8b68b9cc54b5ceb595a5eb064366cf53c2189096e7690ff"
  - path: "plans/blueprints-governance/formal-plan-set/99-final-verification.md"
    sha256: "741a5640728689171e0e17b7cc5fc529a1609ab0c074f46a5dd1bc9cfa466c30"
